
Microsoft Visual Studio Solution File, Format Version 12.00
# Visual Studio Version 17
VisualStudioVersion = 17.4.33213.308
MinimumVisualStudioVersion = 10.0.40219.1
Project("{FAE04EC0-301F-11D3-BF4B-00C04F79EFBC}") = "ConsoleApp1", "ConsoleApp1\ConsoleApp1.csproj", "{1CBF22DD-33DF-42D3-A186-961B71E9ECFF}"
EndProject
Global
	GlobalSection(SolutionConfigurationPlatforms) = preSolution
		Debug|Any CPU = Debug|Any CPU
		Release|Any CPU = Release|Any CPU
	EndGlobalSection
	GlobalSection(ProjectConfigurationPlatforms) = postSolution
		{1CBF22DD-33DF-42D3-A186-961B71E9ECFF}.Debug|Any CPU.ActiveCfg = Debug|Any CPU
		{1CBF22DD-33DF-42D3-A186-961B71E9ECFF}.Debug|Any CPU.Build.0 = Debug|Any CPU
		{1CBF22DD-33DF-42D3-A186-961B71E9ECFF}.Release|Any CPU.ActiveCfg = Release|Any CPU
		{1CBF22DD-33DF-42D3-A186-961B71E9ECFF}.Release|Any CPU.Build.0 = Release|Any CPU
	EndGlobalSection
	GlobalSection(SolutionProperties) = preSolution
		HideSolutionNode = FALSE
	EndGlobalSection
	GlobalSection(ExtensibilityGlobals) = postSolution
		SolutionGuid = {109B6B6B-365C-48B4-8B0C-AB344F5F5153}
	EndGlobalSection
EndGlobal
